
Microsoft Visual Studio Solution File, Format Version 12.00
# Visual Studio Version 17
VisualStudioVersion = 17.3.32901.215
MinimumVisualStudioVersion = 10.0.40219.1
Project("{2150E333-8FDC-42A3-9474-1A3956D46DE8}") = "Library", "Library", "{0DCA2400-00C2-4D86-8D58-DCB4648036DF}"
EndProject
Project("{2150E333-8FDC-42A3-9474-1A3956D46DE8}") = "Presentation", "Presentation", "{7AC1DD79-FC3C-4CB5-8604-B5E2102FEF82}"
EndProject
Project("{2150E333-8FDC-42A3-9474-1A3956D46DE8}") = "Testing", "Testing", "{38B7F6C1-707C-44A2-A3BA-C906B9215803}"
EndProject
Project("{FAE04EC0-301F-11D3-BF4B-00C04F79EFBC}") = "MagazineLib", "ClassLibrary\MagazineLib.csproj", "{84FB8BB4-A2D4-4FD9-99A7-45C463607EC1}"
EndProject
Project("{FAE04EC0-301F-11D3-BF4B-00C04F79EFBC}") = "MagazineObjectDesignTests", "MagazineObjectDesignTests\MagazineObjectDesignTests.csproj", "{4011CF53-3F2A-4236-8013-3531C2160163}"
EndProject
Project("{2150E333-8FDC-42A3-9474-1A3956D46DE8}") = "Lab1", "Lab1", "{09886446-019B-4D2C-8562-5E4BBE9645C1}"
EndProject
Project("{FAE04EC0-301F-11D3-BF4B-00C04F79EFBC}") = "HelloWorldApp", "HelloWorldApp\HelloWorldApp.csproj", "{0C86B78B-96E8-4863-9C5D-8AE2408694BE}"
EndProject
Project("{2150E333-8FDC-42A3-9474-1A3956D46DE8}") = "DBTest", "DBTest", "{87743CBF-84FA-4BAE-B4BF-379085DC6A47}"
EndProject
Project("{FAE04EC0-301F-11D3-BF4B-00C04F79EFBC}") = "DBTest", "DBTest\DBTest.csproj", "{5DBF9338-9C8C-49DA-AF75-293646A70103}"
EndProject
Project("{FAE04EC0-301F-11D3-BF4B-00C04F79EFBC}") = "MagazinePersistenceTests", "MagazinePersistenceTests\MagazinePersistenceTests.csproj", "{54877077-11BB-48B1-BC83-F287F137CF21}"
EndProject
Global
	GlobalSection(SolutionConfigurationPlatforms) = preSolution
		Debug|Any CPU = Debug|Any CPU
		Release|Any CPU = Release|Any CPU
	EndGlobalSection
	GlobalSection(ProjectConfigurationPlatforms) = postSolution
		{84FB8BB4-A2D4-4FD9-99A7-45C463607EC1}.Debug|Any CPU.ActiveCfg = Debug|Any CPU
		{84FB8BB4-A2D4-4FD9-99A7-45C463607EC1}.Debug|Any CPU.Build.0 = Debug|Any CPU
		{84FB8BB4-A2D4-4FD9-99A7-45C463607EC1}.Release|Any CPU.ActiveCfg = Release|Any CPU
		{84FB8BB4-A2D4-4FD9-99A7-45C463607EC1}.Release|Any CPU.Build.0 = Release|Any CPU
		{4011CF53-3F2A-4236-8013-3531C2160163}.Debug|Any CPU.ActiveCfg = Debug|Any CPU
		{4011CF53-3F2A-4236-8013-3531C2160163}.Debug|Any CPU.Build.0 = Debug|Any CPU
		{4011CF53-3F2A-4236-8013-3531C2160163}.Release|Any CPU.ActiveCfg = Release|Any CPU
		{4011CF53-3F2A-4236-8013-3531C2160163}.Release|Any CPU.Build.0 = Release|Any CPU
		{0C86B78B-96E8-4863-9C5D-8AE2408694BE}.Debug|Any CPU.ActiveCfg = Debug|Any CPU
		{0C86B78B-96E8-4863-9C5D-8AE2408694BE}.Debug|Any CPU.Build.0 = Debug|Any CPU
		{0C86B78B-96E8-4863-9C5D-8AE2408694BE}.Release|Any CPU.ActiveCfg = Release|Any CPU
		{0C86B78B-96E8-4863-9C5D-8AE2408694BE}.Release|Any CPU.Build.0 = Release|Any CPU
		{5DBF9338-9C8C-49DA-AF75-293646A70103}.Debug|Any CPU.ActiveCfg = Debug|Any CPU
		{5DBF9338-9C8C-49DA-AF75-293646A70103}.Debug|Any CPU.Build.0 = Debug|Any CPU
		{5DBF9338-9C8C-49DA-AF75-293646A70103}.Release|Any CPU.ActiveCfg = Release|Any CPU
		{5DBF9338-9C8C-49DA-AF75-293646A70103}.Release|Any CPU.Build.0 = Release|Any CPU
		{54877077-11BB-48B1-BC83-F287F137CF21}.Debug|Any CPU.ActiveCfg = Debug|Any CPU
		{54877077-11BB-48B1-BC83-F287F137CF21}.Debug|Any CPU.Build.0 = Debug|Any CPU
		{54877077-11BB-48B1-BC83-F287F137CF21}.Release|Any CPU.ActiveCfg = Release|Any CPU
		{54877077-11BB-48B1-BC83-F287F137CF21}.Release|Any CPU.Build.0 = Release|Any CPU
	EndGlobalSection
	GlobalSection(SolutionProperties) = preSolution
		HideSolutionNode = FALSE
	EndGlobalSection
	GlobalSection(NestedProjects) = preSolution
		{84FB8BB4-A2D4-4FD9-99A7-45C463607EC1} = {0DCA2400-00C2-4D86-8D58-DCB4648036DF}
		{4011CF53-3F2A-4236-8013-3531C2160163} = {38B7F6C1-707C-44A2-A3BA-C906B9215803}
		{09886446-019B-4D2C-8562-5E4BBE9645C1} = {38B7F6C1-707C-44A2-A3BA-C906B9215803}
		{0C86B78B-96E8-4863-9C5D-8AE2408694BE} = {09886446-019B-4D2C-8562-5E4BBE9645C1}
		{87743CBF-84FA-4BAE-B4BF-379085DC6A47} = {38B7F6C1-707C-44A2-A3BA-C906B9215803}
		{5DBF9338-9C8C-49DA-AF75-293646A70103} = {87743CBF-84FA-4BAE-B4BF-379085DC6A47}
		{54877077-11BB-48B1-BC83-F287F137CF21} = {38B7F6C1-707C-44A2-A3BA-C906B9215803}
	EndGlobalSection
	GlobalSection(ExtensibilityGlobals) = postSolution
		SolutionGuid = {E545BE02-4118-4200-A2CD-54024453A86D}
	EndGlobalSection
EndGlobal
