
Microsoft Visual Studio Solution File, Format Version 12.00
# Visual Studio Version 17
VisualStudioVersion = 17.3.32901.215
MinimumVisualStudioVersion = 10.0.40219.1
Project("{2150E333-8FDC-42A3-9474-1A3956D46DE8}") = "Library", "Library", "{0DCA2400-00C2-4D86-8D58-DCB4648036DF}"
EndProject
Project("{2150E333-8FDC-42A3-9474-1A3956D46DE8}") = "Presentation", "Presentation", "{7AC1DD79-FC3C-4CB5-8604-B5E2102FEF82}"
EndProject
Project("{2150E333-8FDC-42A3-9474-1A3956D46DE8}") = "Testing", "Testing", "{38B7F6C1-707C-44A2-A3BA-C906B9215803}"
EndProject
Project("{FAE04EC0-301F-11D3-BF4B-00C04F79EFBC}") = "ClassLibrary", "ClassLibrary\ClassLibrary.csproj", "{0DBEADDD-0921-47FD-B5EB-1558568D5176}"
EndProject
Global
	GlobalSection(SolutionConfigurationPlatforms) = preSolution
		Debug|Any CPU = Debug|Any CPU
		Release|Any CPU = Release|Any CPU
	EndGlobalSection
	GlobalSection(ProjectConfigurationPlatforms) = postSolution
		{0DBEADDD-0921-47FD-B5EB-1558568D5176}.Debug|Any CPU.ActiveCfg = Debug|Any CPU
		{0DBEADDD-0921-47FD-B5EB-1558568D5176}.Debug|Any CPU.Build.0 = Debug|Any CPU
		{0DBEADDD-0921-47FD-B5EB-1558568D5176}.Release|Any CPU.ActiveCfg = Release|Any CPU
		{0DBEADDD-0921-47FD-B5EB-1558568D5176}.Release|Any CPU.Build.0 = Release|Any CPU
	EndGlobalSection
	GlobalSection(SolutionProperties) = preSolution
		HideSolutionNode = FALSE
	EndGlobalSection
	GlobalSection(NestedProjects) = preSolution
		{0DBEADDD-0921-47FD-B5EB-1558568D5176} = {0DCA2400-00C2-4D86-8D58-DCB4648036DF}
	EndGlobalSection
	GlobalSection(ExtensibilityGlobals) = postSolution
		SolutionGuid = {E545BE02-4118-4200-A2CD-54024453A86D}
	EndGlobalSection
EndGlobal
